
Microsoft Visual Studio Solution File, Format Version 12.00
# Visual Studio Version 17
VisualStudioVersion = 17.6.33712.159
MinimumVisualStudioVersion = 10.0.40219.1
Project("{9A19103F-16F7-4668-BE54-9A1E7A4F7556}") = "StockMarket.Client", "Client\StockMarket.Client.csproj", "{12E24829-D545-4061-B76E-3DFF2B34B54F}"
EndProject
Project("{9A19103F-16F7-4668-BE54-9A1E7A4F7556}") = "StockMarket.Service.Bloomberg", "Service\StockMarket.Service.Bloomberg\StockMarket.Service.Bloomberg.csproj", "{213BACF9-0CDB-411A-8A18-E5ECD2C34DED}"
EndProject
Project("{9A19103F-16F7-4668-BE54-9A1E7A4F7556}") = "StockMarket.Service.Common", "Service\StockMarket.Service.Common\StockMarket.Service.Common.csproj", "{5C91012E-24E7-43B4-A8C2-BE1972499DAC}"
EndProject
Global
	GlobalSection(SolutionConfigurationPlatforms) = preSolution
		Debug|Any CPU = Debug|Any CPU
		Release|Any CPU = Release|Any CPU
	EndGlobalSection
	GlobalSection(ProjectConfigurationPlatforms) = postSolution
		{12E24829-D545-4061-B76E-3DFF2B34B54F}.Debug|Any CPU.ActiveCfg = Debug|Any CPU
		{12E24829-D545-4061-B76E-3DFF2B34B54F}.Debug|Any CPU.Build.0 = Debug|Any CPU
		{12E24829-D545-4061-B76E-3DFF2B34B54F}.Release|Any CPU.ActiveCfg = Release|Any CPU
		{12E24829-D545-4061-B76E-3DFF2B34B54F}.Release|Any CPU.Build.0 = Release|Any CPU
		{213BACF9-0CDB-411A-8A18-E5ECD2C34DED}.Debug|Any CPU.ActiveCfg = Debug|Any CPU
		{213BACF9-0CDB-411A-8A18-E5ECD2C34DED}.Debug|Any CPU.Build.0 = Debug|Any CPU
		{213BACF9-0CDB-411A-8A18-E5ECD2C34DED}.Release|Any CPU.ActiveCfg = Release|Any CPU
		{213BACF9-0CDB-411A-8A18-E5ECD2C34DED}.Release|Any CPU.Build.0 = Release|Any CPU
		{5C91012E-24E7-43B4-A8C2-BE1972499DAC}.Debug|Any CPU.ActiveCfg = Debug|Any CPU
		{5C91012E-24E7-43B4-A8C2-BE1972499DAC}.Debug|Any CPU.Build.0 = Debug|Any CPU
		{5C91012E-24E7-43B4-A8C2-BE1972499DAC}.Release|Any CPU.ActiveCfg = Release|Any CPU
		{5C91012E-24E7-43B4-A8C2-BE1972499DAC}.Release|Any CPU.Build.0 = Release|Any CPU
	EndGlobalSection
	GlobalSection(SolutionProperties) = preSolution
		HideSolutionNode = FALSE
	EndGlobalSection
	GlobalSection(ExtensibilityGlobals) = postSolution
		SolutionGuid = {63B5678A-3602-40C8-A3F5-4A85A91D65FA}
	EndGlobalSection
EndGlobal
