
Microsoft Visual Studio Solution File, Format Version 12.00
# Visual Studio Version 17
VisualStudioVersion = 17.6.33712.159
MinimumVisualStudioVersion = 10.0.40219.1
Project("{9A19103F-16F7-4668-BE54-9A1E7A4F7556}") = "StockMarket.Client", "Client\StockMarket.Client.csproj", "{12E24829-D545-4061-B76E-3DFF2B34B54F}"
EndProject
Project("{9A19103F-16F7-4668-BE54-9A1E7A4F7556}") = "StockMarket.Service.Bloomberg", "Service\StockMarket.Service.Bloomberg\StockMarket.Service.Bloomberg.csproj", "{213BACF9-0CDB-411A-8A18-E5ECD2C34DED}"
EndProject
Project("{2150E333-8FDC-42A3-9474-1A3956D46DE8}") = "Test", "Test", "{B64B28EF-75E1-46E5-BF92-D1493F95F268}"
EndProject
Project("{9A19103F-16F7-4668-BE54-9A1E7A4F7556}") = "StockMarket.Client.Test", "Test\StockMarket.Client.Test\StockMarket.Client.Test.csproj", "{76341082-D46D-41A6-8E58-26C9B321F35B}"
EndProject
Project("{9A19103F-16F7-4668-BE54-9A1E7A4F7556}") = "StockMarket.Service.Bloomberg.Test", "Test\StockMarket.Service.Test\StockMarket.Service.Bloomberg.Test.csproj", "{5A2FD198-A50E-4273-B039-71529E64E541}"
EndProject
Project("{9A19103F-16F7-4668-BE54-9A1E7A4F7556}") = "StockMarket.Service", "Service\StockMarket.Service\StockMarket.Service.csproj", "{CDFAE033-0E43-4717-BA08-E6E5BA45FC18}"
EndProject
Global
	GlobalSection(SolutionConfigurationPlatforms) = preSolution
		Debug|Any CPU = Debug|Any CPU
		Release|Any CPU = Release|Any CPU
	EndGlobalSection
	GlobalSection(ProjectConfigurationPlatforms) = postSolution
		{12E24829-D545-4061-B76E-3DFF2B34B54F}.Debug|Any CPU.ActiveCfg = Debug|Any CPU
		{12E24829-D545-4061-B76E-3DFF2B34B54F}.Debug|Any CPU.Build.0 = Debug|Any CPU
		{12E24829-D545-4061-B76E-3DFF2B34B54F}.Release|Any CPU.ActiveCfg = Release|Any CPU
		{12E24829-D545-4061-B76E-3DFF2B34B54F}.Release|Any CPU.Build.0 = Release|Any CPU
		{213BACF9-0CDB-411A-8A18-E5ECD2C34DED}.Debug|Any CPU.ActiveCfg = Debug|Any CPU
		{213BACF9-0CDB-411A-8A18-E5ECD2C34DED}.Debug|Any CPU.Build.0 = Debug|Any CPU
		{213BACF9-0CDB-411A-8A18-E5ECD2C34DED}.Release|Any CPU.ActiveCfg = Release|Any CPU
		{213BACF9-0CDB-411A-8A18-E5ECD2C34DED}.Release|Any CPU.Build.0 = Release|Any CPU
		{76341082-D46D-41A6-8E58-26C9B321F35B}.Debug|Any CPU.ActiveCfg = Debug|Any CPU
		{76341082-D46D-41A6-8E58-26C9B321F35B}.Debug|Any CPU.Build.0 = Debug|Any CPU
		{76341082-D46D-41A6-8E58-26C9B321F35B}.Release|Any CPU.ActiveCfg = Release|Any CPU
		{76341082-D46D-41A6-8E58-26C9B321F35B}.Release|Any CPU.Build.0 = Release|Any CPU
		{5A2FD198-A50E-4273-B039-71529E64E541}.Debug|Any CPU.ActiveCfg = Debug|Any CPU
		{5A2FD198-A50E-4273-B039-71529E64E541}.Debug|Any CPU.Build.0 = Debug|Any CPU
		{5A2FD198-A50E-4273-B039-71529E64E541}.Release|Any CPU.ActiveCfg = Release|Any CPU
		{5A2FD198-A50E-4273-B039-71529E64E541}.Release|Any CPU.Build.0 = Release|Any CPU
		{CDFAE033-0E43-4717-BA08-E6E5BA45FC18}.Debug|Any CPU.ActiveCfg = Debug|Any CPU
		{CDFAE033-0E43-4717-BA08-E6E5BA45FC18}.Debug|Any CPU.Build.0 = Debug|Any CPU
		{CDFAE033-0E43-4717-BA08-E6E5BA45FC18}.Release|Any CPU.ActiveCfg = Release|Any CPU
		{CDFAE033-0E43-4717-BA08-E6E5BA45FC18}.Release|Any CPU.Build.0 = Release|Any CPU
	EndGlobalSection
	GlobalSection(SolutionProperties) = preSolution
		HideSolutionNode = FALSE
	EndGlobalSection
	GlobalSection(NestedProjects) = preSolution
		{76341082-D46D-41A6-8E58-26C9B321F35B} = {B64B28EF-75E1-46E5-BF92-D1493F95F268}
		{5A2FD198-A50E-4273-B039-71529E64E541} = {B64B28EF-75E1-46E5-BF92-D1493F95F268}
	EndGlobalSection
	GlobalSection(ExtensibilityGlobals) = postSolution
		SolutionGuid = {63B5678A-3602-40C8-A3F5-4A85A91D65FA}
	EndGlobalSection
EndGlobal
