
Microsoft Visual Studio Solution File, Format Version 12.00
# Visual Studio Version 17
VisualStudioVersion = 17.6.33712.159
MinimumVisualStudioVersion = 10.0.40219.1
Project("{9A19103F-16F7-4668-BE54-9A1E7A4F7556}") = "StockMarket.Client", "stockmarket.client\StockMarket.Client.csproj", "{10378BDF-CC97-4A1E-96C4-B0886EED2614}"
EndProject
Project("{2150E333-8FDC-42A3-9474-1A3956D46DE8}") = "Common", "Common", "{7D819EA8-9E9D-481B-9D36-9A8640EB0CF7}"
EndProject
Project("{FAE04EC0-301F-11D3-BF4B-00C04F79EFBC}") = "StockMarket.Domain", "StockMarket.Domain\StockMarket.Domain.csproj", "{340A9A13-76D8-43C9-9BB7-46D3D50163F1}"
EndProject
Project("{2150E333-8FDC-42A3-9474-1A3956D46DE8}") = "Service", "Service", "{909B0C37-FB55-4062-BC90-5D607FCBC8DD}"
EndProject
Project("{FAE04EC0-301F-11D3-BF4B-00C04F79EFBC}") = "StockMarket.Service", "Service\StockMarket.Service\StockMarket.Service.csproj", "{B4235A99-F9F5-4693-BBDE-DE4089E89934}"
EndProject
Global
	GlobalSection(SolutionConfigurationPlatforms) = preSolution
		Debug|Any CPU = Debug|Any CPU
		Release|Any CPU = Release|Any CPU
	EndGlobalSection
	GlobalSection(ProjectConfigurationPlatforms) = postSolution
		{10378BDF-CC97-4A1E-96C4-B0886EED2614}.Debug|Any CPU.ActiveCfg = Debug|Any CPU
		{10378BDF-CC97-4A1E-96C4-B0886EED2614}.Debug|Any CPU.Build.0 = Debug|Any CPU
		{10378BDF-CC97-4A1E-96C4-B0886EED2614}.Release|Any CPU.ActiveCfg = Release|Any CPU
		{10378BDF-CC97-4A1E-96C4-B0886EED2614}.Release|Any CPU.Build.0 = Release|Any CPU
		{340A9A13-76D8-43C9-9BB7-46D3D50163F1}.Debug|Any CPU.ActiveCfg = Debug|Any CPU
		{340A9A13-76D8-43C9-9BB7-46D3D50163F1}.Debug|Any CPU.Build.0 = Debug|Any CPU
		{340A9A13-76D8-43C9-9BB7-46D3D50163F1}.Release|Any CPU.ActiveCfg = Release|Any CPU
		{340A9A13-76D8-43C9-9BB7-46D3D50163F1}.Release|Any CPU.Build.0 = Release|Any CPU
		{B4235A99-F9F5-4693-BBDE-DE4089E89934}.Debug|Any CPU.ActiveCfg = Debug|Any CPU
		{B4235A99-F9F5-4693-BBDE-DE4089E89934}.Debug|Any CPU.Build.0 = Debug|Any CPU
		{B4235A99-F9F5-4693-BBDE-DE4089E89934}.Release|Any CPU.ActiveCfg = Release|Any CPU
		{B4235A99-F9F5-4693-BBDE-DE4089E89934}.Release|Any CPU.Build.0 = Release|Any CPU
	EndGlobalSection
	GlobalSection(SolutionProperties) = preSolution
		HideSolutionNode = FALSE
	EndGlobalSection
	GlobalSection(NestedProjects) = preSolution
		{340A9A13-76D8-43C9-9BB7-46D3D50163F1} = {7D819EA8-9E9D-481B-9D36-9A8640EB0CF7}
	EndGlobalSection
	GlobalSection(ExtensibilityGlobals) = postSolution
		SolutionGuid = {63B5678A-3602-40C8-A3F5-4A85A91D65FA}
	EndGlobalSection
EndGlobal
